<?xml version="1.0" encoding="utf-8"?>
<Project xmlns="http://schemas.microsoft.com/developer/msbuild/2003">
  <ItemGroup>
    <Filter Include="Header Files">
      <UniqueIdentifier>{93995380-89BD-4b04-88EB-625FBE52EBFB}</UniqueIdentifier>
      <Extensions>h;hpp;hxx;hm;inl;inc;xsd</Extensions>
    </Filter>
    <Filter Include="Header Files">
      <UniqueIdentifier>{93995380-89BD-4b04-88EB-625FBE52EBFB}</UniqueIdentifier>
      <Extensions>h;hpp;hxx;hm;inl;inc;xsd</Extensions>
    </Filter>
    <Filter Include="Source Files">
      <UniqueIdentifier>{4FC737F1-C7A5-4376-A066-2A32D752A2FF}</UniqueIdentifier>
      <Extensions>cpp;c;cxx;def;odl;idl;hpj;bat;asm;asmx</Extensions>
    </Filter>
    <Filter Include="Source Files">
      <UniqueIdentifier>{4FC737F1-C7A5-4376-A066-2A32D752A2FF}</UniqueIdentifier>
      <Extensions>cpp;c;cxx;def;odl;idl;hpj;bat;asm;asmx</Extensions>
    </Filter>
    <Filter Include="Source Files\uml">
      <UniqueIdentifier>{3751f4ee-2c84-461a-8d4a-499ee2c179a2}</UniqueIdentifier>
    </Filter>
    <Filter Include="Header Files\uml">
      <UniqueIdentifier>{e2c26d80-4ca2-4237-8e48-4070f8eccb41}</UniqueIdentifier>
    </Filter>
    <Filter Include="Header Files\static">
      <UniqueIdentifier>{ba383d84-1dbb-433c-81a7-2c565d27ff7a}</UniqueIdentifier>
    </Filter>
    <Filter Include="Source Files\staic">
      <UniqueIdentifier>{ef320863-4351-487b-b619-9cee41d9d07b}</UniqueIdentifier>
    </Filter>
  </ItemGroup>
  <ItemGroup>
    <ClCompile Include="complex.cpp">
      <Filter>Source Files</Filter>
    </ClCompile>
    <ClCompile Include="main.cpp">
      <Filter>Source Files</Filter>
    </ClCompile>
    <ClCompile Include="myfunc.cpp">
      <Filter>Source Files</Filter>
    </ClCompile>
    <ClCompile Include="uml\chicken.cpp">
      <Filter>Source Files\uml</Filter>
    </ClCompile>
    <ClCompile Include="uml\egg.cpp">
      <Filter>Source Files\uml</Filter>
    </ClCompile>
    <ClCompile Include="static\static.cpp">
      <Filter>Source Files\staic</Filter>
    </ClCompile>
  </ItemGroup>
  <ItemGroup>
    <ClInclude Include="complex.h">
      <Filter>Header Files</Filter>
    </ClInclude>
    <ClInclude Include="static\static.h">
      <Filter>Header Files</Filter>
    </ClInclude>
    <ClInclude Include="uml\chicken.h">
      <Filter>Header Files\uml</Filter>
    </ClInclude>
    <ClInclude Include="uml\egg.h">
      <Filter>Header Files\uml</Filter>
    </ClInclude>
    <ClInclude Include="myfunc.h">
      <Filter>Header Files\static</Filter>
    </ClInclude>
  </ItemGroup>
</Project>